
Microsoft Visual Studio Solution File, Format Version 12.00
# Visual Studio Version 17
VisualStudioVersion = 17.8.34525.116
MinimumVisualStudioVersion = 10.0.40219.1
Project("{9A19103F-16F7-4668-BE54-9A1E7A4F7556}") = "SD7501BulkyWeb", "SD7501BulkyWeb\SD7501BulkyWeb.csproj", "{5F163385-387D-45CE-A4F4-F1CC8D7CE477}"
EndProject
Project("{FAE04EC0-301F-11D3-BF4B-00C04F79EFBC}") = "SD7501Bulky.DataAccess", "SD7501Bulky.DataAccess\SD7501Bulky.DataAccess.csproj", "{587CFBF7-B28A-4848-BF93-15695F2FFC6B}"
EndProject
Project("{FAE04EC0-301F-11D3-BF4B-00C04F79EFBC}") = "SD7501Bulky.Models", "SD7501Bulky.Models\SD7501Bulky.Models.csproj", "{70CD7FD2-F303-4FCA-8A45-CB50256B65F5}"
EndProject
Project("{FAE04EC0-301F-11D3-BF4B-00C04F79EFBC}") = "SD7501Bulky.Utility", "SD7501Bulky.Utility\SD7501Bulky.Utility.csproj", "{E0AED578-728D-4091-85DA-D5B618A466F1}"
EndProject
Global
	GlobalSection(SolutionConfigurationPlatforms) = preSolution
		Debug|Any CPU = Debug|Any CPU
		Release|Any CPU = Release|Any CPU
	EndGlobalSection
	GlobalSection(ProjectConfigurationPlatforms) = postSolution
		{5F163385-387D-45CE-A4F4-F1CC8D7CE477}.Debug|Any CPU.ActiveCfg = Debug|Any CPU
		{5F163385-387D-45CE-A4F4-F1CC8D7CE477}.Debug|Any CPU.Build.0 = Debug|Any CPU
		{5F163385-387D-45CE-A4F4-F1CC8D7CE477}.Release|Any CPU.ActiveCfg = Release|Any CPU
		{5F163385-387D-45CE-A4F4-F1CC8D7CE477}.Release|Any CPU.Build.0 = Release|Any CPU
		{587CFBF7-B28A-4848-BF93-15695F2FFC6B}.Debug|Any CPU.ActiveCfg = Debug|Any CPU
		{587CFBF7-B28A-4848-BF93-15695F2FFC6B}.Debug|Any CPU.Build.0 = Debug|Any CPU
		{587CFBF7-B28A-4848-BF93-15695F2FFC6B}.Release|Any CPU.ActiveCfg = Release|Any CPU
		{587CFBF7-B28A-4848-BF93-15695F2FFC6B}.Release|Any CPU.Build.0 = Release|Any CPU
		{70CD7FD2-F303-4FCA-8A45-CB50256B65F5}.Debug|Any CPU.ActiveCfg = Debug|Any CPU
		{70CD7FD2-F303-4FCA-8A45-CB50256B65F5}.Debug|Any CPU.Build.0 = Debug|Any CPU
		{70CD7FD2-F303-4FCA-8A45-CB50256B65F5}.Release|Any CPU.ActiveCfg = Release|Any CPU
		{70CD7FD2-F303-4FCA-8A45-CB50256B65F5}.Release|Any CPU.Build.0 = Release|Any CPU
		{E0AED578-728D-4091-85DA-D5B618A466F1}.Debug|Any CPU.ActiveCfg = Debug|Any CPU
		{E0AED578-728D-4091-85DA-D5B618A466F1}.Debug|Any CPU.Build.0 = Debug|Any CPU
		{E0AED578-728D-4091-85DA-D5B618A466F1}.Release|Any CPU.ActiveCfg = Release|Any CPU
		{E0AED578-728D-4091-85DA-D5B618A466F1}.Release|Any CPU.Build.0 = Release|Any CPU
	EndGlobalSection
	GlobalSection(SolutionProperties) = preSolution
		HideSolutionNode = FALSE
	EndGlobalSection
	GlobalSection(ExtensibilityGlobals) = postSolution
		SolutionGuid = {24167ACF-BC0D-4C50-B4E0-B2D8782D5D77}
	EndGlobalSection
EndGlobal
